
Microsoft Visual Studio Solution File, Format Version 12.00
# Visual Studio Version 17
VisualStudioVersion = 17.9.34607.119
MinimumVisualStudioVersion = 10.0.40219.1
Project("{FAE04EC0-301F-11D3-BF4B-00C04F79EFBC}") = "03LabExer2", "03LabExer2\03LabExer2.csproj", "{01FC0530-3BCF-466D-95C0-2C620BB4097C}"
EndProject
Global
	GlobalSection(SolutionConfigurationPlatforms) = preSolution
		Debug|Any CPU = Debug|Any CPU
		Release|Any CPU = Release|Any CPU
	EndGlobalSection
	GlobalSection(ProjectConfigurationPlatforms) = postSolution
		{01FC0530-3BCF-466D-95C0-2C620BB4097C}.Debug|Any CPU.ActiveCfg = Debug|Any CPU
		{01FC0530-3BCF-466D-95C0-2C620BB4097C}.Debug|Any CPU.Build.0 = Debug|Any CPU
		{01FC0530-3BCF-466D-95C0-2C620BB4097C}.Release|Any CPU.ActiveCfg = Release|Any CPU
		{01FC0530-3BCF-466D-95C0-2C620BB4097C}.Release|Any CPU.Build.0 = Release|Any CPU
	EndGlobalSection
	GlobalSection(SolutionProperties) = preSolution
		HideSolutionNode = FALSE
	EndGlobalSection
	GlobalSection(ExtensibilityGlobals) = postSolution
		SolutionGuid = {E0CB732F-B61F-44BD-BBE1-B65CED6EF541}
	EndGlobalSection
EndGlobal
